
Microsoft Visual Studio Solution File, Format Version 12.00
# Visual Studio Version 16
VisualStudioVersion = 16.0.29230.47
MinimumVisualStudioVersion = 10.0.40219.1
Project("{FAE04EC0-301F-11D3-BF4B-00C04F79EFBC}") = "BMI kalkulaator", "BMI kalkulaator\BMI kalkulaator.csproj", "{F3286395-3250-4FEF-841B-FF2D44F05E63}"
EndProject
Global
	GlobalSection(SolutionConfigurationPlatforms) = preSolution
		Debug|Any CPU = Debug|Any CPU
		Release|Any CPU = Release|Any CPU
	EndGlobalSection
	GlobalSection(ProjectConfigurationPlatforms) = postSolution
		{F3286395-3250-4FEF-841B-FF2D44F05E63}.Debug|Any CPU.ActiveCfg = Debug|Any CPU
		{F3286395-3250-4FEF-841B-FF2D44F05E63}.Debug|Any CPU.Build.0 = Debug|Any CPU
		{F3286395-3250-4FEF-841B-FF2D44F05E63}.Release|Any CPU.ActiveCfg = Release|Any CPU
		{F3286395-3250-4FEF-841B-FF2D44F05E63}.Release|Any CPU.Build.0 = Release|Any CPU
	EndGlobalSection
	GlobalSection(SolutionProperties) = preSolution
		HideSolutionNode = FALSE
	EndGlobalSection
	GlobalSection(ExtensibilityGlobals) = postSolution
		SolutionGuid = {CE4664DA-A74C-4009-80D1-5B8432823CE4}
	EndGlobalSection
EndGlobal
